<?xml version="1.0" encoding="utf-8"?>
<Project xmlns="http://schemas.microsoft.com/developer/msbuild/2003">
  <ItemGroup>
    <Filter Include="Form Files">
      <UniqueIdentifier>{99349809-55BA-4b9d-BF79-8FDBB0286EB3}</UniqueIdentifier>
      <Extensions>ui</Extensions>
      <ParseFiles>false</ParseFiles>
    </Filter>
    <Filter Include="Form Files">
      <UniqueIdentifier>{99349809-55BA-4b9d-BF79-8FDBB0286EB3}</UniqueIdentifier>
      <Extensions>ui</Extensions>
      <ParseFiles>false</ParseFiles>
    </Filter>
    <Filter Include="Generated Files">
      <UniqueIdentifier>{71ED8ED8-ACB9-4CE9-BBE1-E00B30144E11}</UniqueIdentifier>
      <Extensions>cpp;c;cxx;moc;h;def;odl;idl;res;</Extensions>
    </Filter>
    <Filter Include="Generated Files">
      <UniqueIdentifier>{71ED8ED8-ACB9-4CE9-BBE1-E00B30144E11}</UniqueIdentifier>
      <Extensions>cpp;c;cxx;moc;h;def;odl;idl;res;</Extensions>
    </Filter>
    <Filter Include="Header Files">
      <UniqueIdentifier>{93995380-89BD-4b04-88EB-625FBE52EBFB}</UniqueIdentifier>
      <Extensions>h;hpp;hxx;hm;inl;inc;xsd</Extensions>
    </Filter>
    <Filter Include="Resource Files">
      <UniqueIdentifier>{D9D6E242-F8AF-46E4-B9FD-80ECBC20BA3E}</UniqueIdentifier>
      <Extensions>qrc;*</Extensions>
      <ParseFiles>false</ParseFiles>
    </Filter>
    <Filter Include="Resource Files">
      <UniqueIdentifier>{D9D6E242-F8AF-46E4-B9FD-80ECBC20BA3E}</UniqueIdentifier>
      <Extensions>qrc;*</Extensions>
      <ParseFiles>false</ParseFiles>
    </Filter>
    <Filter Include="Source Files">
      <UniqueIdentifier>{4FC737F1-C7A5-4376-A066-2A32D752A2FF}</UniqueIdentifier>
      <Extensions>cpp;c;cxx;def;odl;idl;hpj;bat;asm;asmx</Extensions>
    </Filter>
    <Filter Include="Shaders">
      <UniqueIdentifier>{a3159d06-f017-4f37-8ce4-9cc0fd77bae7}</UniqueIdentifier>
    </Filter>
    <Filter Include="Textures">
      <UniqueIdentifier>{9e6d6107-7da3-419f-b800-0a12a628414e}</UniqueIdentifier>
    </Filter>
    <Filter Include="Graphics">
      <UniqueIdentifier>{b03271f8-f561-4102-9e00-ea8b3085dde6}</UniqueIdentifier>
    </Filter>
    <Filter Include="Generic">
      <UniqueIdentifier>{5c056b14-c313-40c3-8531-045c6cbc1ee0}</UniqueIdentifier>
    </Filter>
    <Filter Include="BCI">
      <UniqueIdentifier>{93995380-89BD-4b04-88EB-625FBE52EBFB}</UniqueIdentifier>
      <Extensions>h;hpp;hxx;hm;inl;inc;xsd</Extensions>
    </Filter>
    <Filter Include="Libraries">
      <UniqueIdentifier>{1e9b9e16-3b85-4666-ad52-ba309bebf6ca}</UniqueIdentifier>
    </Filter>
  </ItemGroup>
  <ItemGroup>
    <CustomBuild Include="debug\moc_predefs.h.cbt">
      <Filter>Generated Files</Filter>
    </CustomBuild>
    <CustomBuild Include="release\moc_predefs.h.cbt">
      <Filter>Generated Files</Filter>
    </CustomBuild>
  </ItemGroup>
  <ItemGroup>
    <QtUic Include="mainwindow.ui">
      <Filter>Form Files</Filter>
    </QtUic>
  </ItemGroup>
  <ItemGroup>
    <None Include="images\Emotiv.png">
      <Filter>Resource Files</Filter>
    </None>
    <None Include="icons\Save.JPG">
      <Filter>Resource Files</Filter>
    </None>
    <None Include="icons\Settings.png">
      <Filter>Resource Files</Filter>
    </None>
    <None Include="icons\Stop_32.jpg">
      <Filter>Resource Files</Filter>
    </None>
    <None Include="images\UoA_Logo.png">
      <Filter>Resource Files</Filter>
    </None>
    <None Include="icons\arrow_green.jpg">
      <Filter>Resource Files</Filter>
    </None>
    <None Include="icons\arrow_orange.jpg">
      <Filter>Resource Files</Filter>
    </None>
    <None Include="arrow">
      <Filter>Resource Files</Filter>
    </None>
    <None Include="images\background-dark.png">
      <Filter>Resource Files</Filter>
    </None>
    <None Include="icons\cool">
      <Filter>Resource Files</Filter>
    </None>
    <None Include="icons\debug.png">
      <Filter>Resource Files</Filter>
    </None>
    <None Include="effect.jpg">
      <Filter>Resource Files</Filter>
    </None>
    <QtRcc Include="resources.qrc">
      <Filter>Resource Files</Filter>
    </QtRcc>
    <None Include="icons\spanner.png">
      <Filter>Resource Files</Filter>
    </None>
    <None Include="images\tmp2.png">
      <Filter>Resource Files</Filter>
    </None>
    <None Include="icons\usb.png">
      <Filter>Resource Files</Filter>
    </None>
    <None Include="shaders\VS_math.glsl">
      <Filter>Shaders</Filter>
    </None>
    <None Include="shaders\FS_math.glsl">
      <Filter>Shaders</Filter>
    </None>
    <None Include="shaders\FS_pixplotter.glsl">
      <Filter>Shaders</Filter>
    </None>
    <None Include="shaders\VS_pixplotter.glsl">
      <Filter>Shaders</Filter>
    </None>
    <None Include="shaders\VS_brainmap.glsl">
      <Filter>Shaders</Filter>
    </None>
    <None Include="shaders\FS_brainmap.glsl">
      <Filter>Shaders</Filter>
    </None>
    <None Include="shaders\FS_balltest.glsl">
      <Filter>Shaders</Filter>
    </None>
    <None Include="shaders\VS_balltest.glsl">
      <Filter>Shaders</Filter>
    </None>
  </ItemGroup>
  <ItemGroup>
    <ResourceCompile Include=".\BCI_resource.rc" />
  </ItemGroup>
  <ItemGroup>
    <ClCompile Include="csvio.cpp">
      <Filter>Generic</Filter>
    </ClCompile>
    <ClCompile Include="error.cpp">
      <Filter>Generic</Filter>
    </ClCompile>
    <ClCompile Include="graphwidget.cpp">
      <Filter>Generic</Filter>
    </ClCompile>
    <ClCompile Include="shader.cpp">
      <Filter>Graphics</Filter>
    </ClCompile>
    <ClCompile Include="texture.cpp">
      <Filter>Graphics</Filter>
    </ClCompile>
    <ClCompile Include="profiler.cpp">
      <Filter>Generic</Filter>
    </ClCompile>
    <ClCompile Include="pixplotter.cpp">
      <Filter>Graphics</Filter>
    </ClCompile>
    <ClCompile Include="brainmap.cpp">
      <Filter>Graphics</Filter>
    </ClCompile>
    <ClCompile Include="balltest.cpp">
      <Filter>Graphics</Filter>
    </ClCompile>
    <ClCompile Include="brainmapstate.cpp">
      <Filter>Graphics</Filter>
    </ClCompile>
    <ClCompile Include="debugwindow.cpp">
      <Filter>Generic</Filter>
    </ClCompile>
    <ClCompile Include="sigprocessing.cpp">
      <Filter>Generic</Filter>
    </ClCompile>
    <ClCompile Include="resources.cpp">
      <Filter>Generic</Filter>
    </ClCompile>
    <ClCompile Include="bciinterface.cpp">
      <Filter>BCI</Filter>
    </ClCompile>
    <ClCompile Include="controller.cpp">
      <Filter>BCI</Filter>
    </ClCompile>
    <ClCompile Include="controllerstate.cpp">
      <Filter>BCI</Filter>
    </ClCompile>
    <ClCompile Include="core.cpp">
      <Filter>BCI</Filter>
    </ClCompile>
    <ClCompile Include="cytoninterface.cpp">
      <Filter>BCI</Filter>
    </ClCompile>
    <ClCompile Include="main.cpp">
      <Filter>BCI</Filter>
    </ClCompile>
    <ClCompile Include="mainwindow.cpp">
      <Filter>BCI</Filter>
    </ClCompile>
    <ClCompile Include="mainwindowstate.cpp">
      <Filter>BCI</Filter>
    </ClCompile>
    <ClCompile Include="offline.cpp">
      <Filter>BCI</Filter>
    </ClCompile>
    <ClCompile Include="qcustomplot.cpp">
      <Filter>Libraries</Filter>
    </ClCompile>
    <ClCompile Include="stb_image.c">
      <Filter>Libraries</Filter>
    </ClCompile>
  </ItemGroup>
  <ItemGroup>
    <QtMoc Include="bciinterface.h">
      <Filter>BCI</Filter>
    </QtMoc>
    <QtMoc Include="controller.h">
      <Filter>BCI</Filter>
    </QtMoc>
    <QtMoc Include="core.h">
      <Filter>BCI</Filter>
    </QtMoc>
    <QtMoc Include="cytoninterface.h">
      <Filter>BCI</Filter>
    </QtMoc>
    <QtMoc Include="error.h">
      <Filter>Generic</Filter>
    </QtMoc>
    <QtMoc Include="brainmap.h">
      <Filter>Graphics</Filter>
    </QtMoc>
    <QtMoc Include="pixplotter.h">
      <Filter>Graphics</Filter>
    </QtMoc>
    <QtMoc Include="offline.h">
      <Filter>BCI</Filter>
    </QtMoc>
    <QtMoc Include="balltest.h">
      <Filter>Graphics</Filter>
    </QtMoc>
    <QtMoc Include="graphwidget.h">
      <Filter>Generic</Filter>
    </QtMoc>
    <QtMoc Include="mainwindow.h">
      <Filter>BCI</Filter>
    </QtMoc>
    <QtMoc Include="debugwindow.h">
      <Filter>Generic</Filter>
    </QtMoc>
    <QtMoc Include="qcustomplot.h">
      <Filter>Libraries</Filter>
    </QtMoc>
  </ItemGroup>
  <ItemGroup>
    <ClInclude Include="timer.h">
      <Filter>Generic</Filter>
    </ClInclude>
    <ClInclude Include="csvio.h">
      <Filter>Generic</Filter>
    </ClInclude>
    <ClInclude Include="shader.h">
      <Filter>Graphics</Filter>
    </ClInclude>
    <ClInclude Include="texture.h">
      <Filter>Graphics</Filter>
    </ClInclude>
    <ClInclude Include="profiler.h">
      <Filter>Generic</Filter>
    </ClInclude>
    <ClInclude Include="openglresources.h">
      <Filter>Graphics</Filter>
    </ClInclude>
    <ClInclude Include="mainwindowstate.h">
      <Filter>BCI</Filter>
    </ClInclude>
    <ClInclude Include="controllerstate.h">
      <Filter>BCI</Filter>
    </ClInclude>
    <ClInclude Include="brainmapstate.h">
      <Filter>Graphics</Filter>
    </ClInclude>
    <ClInclude Include="GeneratedFiles\ui_mainwindow.h">
      <Filter>Generated Files</Filter>
    </ClInclude>
    <ClInclude Include="resources.h">
      <Filter>Generic</Filter>
    </ClInclude>
    <ClInclude Include="sigprocessing.h">
      <Filter>Generic</Filter>
    </ClInclude>
  </ItemGroup>
  <ItemGroup>
    <Image Include="textures\container.jpg">
      <Filter>Textures</Filter>
    </Image>
    <Image Include="textures\wall.jpg">
      <Filter>Textures</Filter>
    </Image>
    <Image Include="textures\awesomeface.png">
      <Filter>Textures</Filter>
    </Image>
    <Image Include="textures\test.png">
      <Filter>Textures</Filter>
    </Image>
  </ItemGroup>
</Project>